
Microsoft Visual Studio Solution File, Format Version 12.00
# Visual Studio Version 17
VisualStudioVersion = 17.3.32819.101
MinimumVisualStudioVersion = 10.0.40219.1
Project("{FAE04EC0-301F-11D3-BF4B-00C04F79EFBC}") = "AlocenPC02.API", "AlocenPC02.API\AlocenPC02.API.csproj", "{B2C0A2FC-60B4-414E-AAA3-402E0A3A5027}"
EndProject
Project("{FAE04EC0-301F-11D3-BF4B-00C04F79EFBC}") = "AlocenPC02.DOMAIN", "AlocenPC02.DOMAIN\AlocenPC02.DOMAIN.csproj", "{6B89F82D-C38D-4F3E-A3C4-44CCD382DC42}"
EndProject
Global
	GlobalSection(SolutionConfigurationPlatforms) = preSolution
		Debug|Any CPU = Debug|Any CPU
		Release|Any CPU = Release|Any CPU
	EndGlobalSection
	GlobalSection(ProjectConfigurationPlatforms) = postSolution
		{B2C0A2FC-60B4-414E-AAA3-402E0A3A5027}.Debug|Any CPU.ActiveCfg = Debug|Any CPU
		{B2C0A2FC-60B4-414E-AAA3-402E0A3A5027}.Debug|Any CPU.Build.0 = Debug|Any CPU
		{B2C0A2FC-60B4-414E-AAA3-402E0A3A5027}.Release|Any CPU.ActiveCfg = Release|Any CPU
		{B2C0A2FC-60B4-414E-AAA3-402E0A3A5027}.Release|Any CPU.Build.0 = Release|Any CPU
		{6B89F82D-C38D-4F3E-A3C4-44CCD382DC42}.Debug|Any CPU.ActiveCfg = Debug|Any CPU
		{6B89F82D-C38D-4F3E-A3C4-44CCD382DC42}.Debug|Any CPU.Build.0 = Debug|Any CPU
		{6B89F82D-C38D-4F3E-A3C4-44CCD382DC42}.Release|Any CPU.ActiveCfg = Release|Any CPU
		{6B89F82D-C38D-4F3E-A3C4-44CCD382DC42}.Release|Any CPU.Build.0 = Release|Any CPU
	EndGlobalSection
	GlobalSection(SolutionProperties) = preSolution
		HideSolutionNode = FALSE
	EndGlobalSection
	GlobalSection(ExtensibilityGlobals) = postSolution
		SolutionGuid = {A2A29A2D-8FE3-4116-97F8-FD048FD4C2AE}
	EndGlobalSection
EndGlobal
